
Microsoft Visual Studio Solution File, Format Version 12.00
# Visual Studio Version 17
VisualStudioVersion = 17.9.34622.214
MinimumVisualStudioVersion = 10.0.40219.1
Project("{FAE04EC0-301F-11D3-BF4B-00C04F79EFBC}") = "Password_Manager_API", "Password_Manager_API.csproj", "{3A73FB8D-43D1-41EF-AB8C-4E126296CDE9}"
EndProject
Global
	GlobalSection(SolutionConfigurationPlatforms) = preSolution
		Debug|Any CPU = Debug|Any CPU
		Release|Any CPU = Release|Any CPU
	EndGlobalSection
	GlobalSection(ProjectConfigurationPlatforms) = postSolution
		{3A73FB8D-43D1-41EF-AB8C-4E126296CDE9}.Debug|Any CPU.ActiveCfg = Debug|Any CPU
		{3A73FB8D-43D1-41EF-AB8C-4E126296CDE9}.Debug|Any CPU.Build.0 = Debug|Any CPU
		{3A73FB8D-43D1-41EF-AB8C-4E126296CDE9}.Release|Any CPU.ActiveCfg = Release|Any CPU
		{3A73FB8D-43D1-41EF-AB8C-4E126296CDE9}.Release|Any CPU.Build.0 = Release|Any CPU
	EndGlobalSection
	GlobalSection(SolutionProperties) = preSolution
		HideSolutionNode = FALSE
	EndGlobalSection
	GlobalSection(ExtensibilityGlobals) = postSolution
		SolutionGuid = {40CBC707-062F-429C-A537-422A6B7B2896}
	EndGlobalSection
EndGlobal
