
Microsoft Visual Studio Solution File, Format Version 12.00
# Visual Studio Version 17
VisualStudioVersion = 17.9.34622.214
MinimumVisualStudioVersion = 10.0.40219.1
Project("{9A19103F-16F7-4668-BE54-9A1E7A4F7556}") = "PasswordManagerAPI", "PasswordManagerAPI.csproj", "{EB25D0C2-CB21-4AE3-942C-B24B52FD53D7}"
EndProject
Project("{9A19103F-16F7-4668-BE54-9A1E7A4F7556}") = "PasswordManagerAPI.Tests", "..\PasswordManagerAPI.Tests\PasswordManagerAPI.Tests.csproj", "{BAB1F669-9F06-4AFE-82A3-050F5D0165D6}"
EndProject
Project("{9A19103F-16F7-4668-BE54-9A1E7A4F7556}") = "PasswordManagerAPI.Repository", "..\PasswordManagerAPI.Repository\PasswordManagerAPI.Repository.csproj", "{1DCD6568-D45D-4EE9-90DC-9688EFAD754E}"
EndProject
Project("{9A19103F-16F7-4668-BE54-9A1E7A4F7556}") = "PasswordManagerAPI.Services", "..\PasswordManagerAPI.Services\PasswordManagerAPI.Services.csproj", "{7F717C8D-95D0-4E03-B1BD-FAE0E132FDC2}"
EndProject
Global
	GlobalSection(SolutionConfigurationPlatforms) = preSolution
		Debug|Any CPU = Debug|Any CPU
		Release|Any CPU = Release|Any CPU
	EndGlobalSection
	GlobalSection(ProjectConfigurationPlatforms) = postSolution
		{EB25D0C2-CB21-4AE3-942C-B24B52FD53D7}.Debug|Any CPU.ActiveCfg = Debug|Any CPU
		{EB25D0C2-CB21-4AE3-942C-B24B52FD53D7}.Debug|Any CPU.Build.0 = Debug|Any CPU
		{EB25D0C2-CB21-4AE3-942C-B24B52FD53D7}.Release|Any CPU.ActiveCfg = Release|Any CPU
		{EB25D0C2-CB21-4AE3-942C-B24B52FD53D7}.Release|Any CPU.Build.0 = Release|Any CPU
		{BAB1F669-9F06-4AFE-82A3-050F5D0165D6}.Debug|Any CPU.ActiveCfg = Debug|Any CPU
		{BAB1F669-9F06-4AFE-82A3-050F5D0165D6}.Debug|Any CPU.Build.0 = Debug|Any CPU
		{BAB1F669-9F06-4AFE-82A3-050F5D0165D6}.Release|Any CPU.ActiveCfg = Release|Any CPU
		{BAB1F669-9F06-4AFE-82A3-050F5D0165D6}.Release|Any CPU.Build.0 = Release|Any CPU
		{1DCD6568-D45D-4EE9-90DC-9688EFAD754E}.Debug|Any CPU.ActiveCfg = Debug|Any CPU
		{1DCD6568-D45D-4EE9-90DC-9688EFAD754E}.Debug|Any CPU.Build.0 = Debug|Any CPU
		{1DCD6568-D45D-4EE9-90DC-9688EFAD754E}.Release|Any CPU.ActiveCfg = Release|Any CPU
		{1DCD6568-D45D-4EE9-90DC-9688EFAD754E}.Release|Any CPU.Build.0 = Release|Any CPU
		{7F717C8D-95D0-4E03-B1BD-FAE0E132FDC2}.Debug|Any CPU.ActiveCfg = Debug|Any CPU
		{7F717C8D-95D0-4E03-B1BD-FAE0E132FDC2}.Debug|Any CPU.Build.0 = Debug|Any CPU
		{7F717C8D-95D0-4E03-B1BD-FAE0E132FDC2}.Release|Any CPU.ActiveCfg = Release|Any CPU
		{7F717C8D-95D0-4E03-B1BD-FAE0E132FDC2}.Release|Any CPU.Build.0 = Release|Any CPU
	EndGlobalSection
	GlobalSection(SolutionProperties) = preSolution
		HideSolutionNode = FALSE
	EndGlobalSection
	GlobalSection(ExtensibilityGlobals) = postSolution
		SolutionGuid = {4D4273C4-67DB-45BE-A32C-3AC4B8B468CA}
	EndGlobalSection
EndGlobal
